
Microsoft Visual Studio Solution File, Format Version 12.00
# Visual Studio 2013
VisualStudioVersion = 12.0.21005.1
MinimumVisualStudioVersion = 10.0.40219.1
Project("{FAE04EC0-301F-11D3-BF4B-00C04F79EFBC}") = "StorForStudentsWebApp", "StorForStudentsWebApp\StorForStudentsWebApp.csproj", "{B3C62884-769F-4B98-BC0B-6C782C6D9E58}"
EndProject
Project("{FAE04EC0-301F-11D3-BF4B-00C04F79EFBC}") = "DomainLogic", "DomainLogic\DomainLogic.csproj", "{AEC370CC-F579-4D00-874A-13BA87F7967E}"
EndProject
Project("{FAE04EC0-301F-11D3-BF4B-00C04F79EFBC}") = "Implementation", "Implementation\Implementation.csproj", "{8EA152DE-BB90-480F-A85A-D4B3E621A99E}"
EndProject
Project("{FAE04EC0-301F-11D3-BF4B-00C04F79EFBC}") = "Tests", "Tests\Tests.csproj", "{C125B19C-0680-4DB1-A60C-2336D9A31944}"
EndProject
Global
	GlobalSection(SolutionConfigurationPlatforms) = preSolution
		Debug|Any CPU = Debug|Any CPU
		Release|Any CPU = Release|Any CPU
	EndGlobalSection
	GlobalSection(ProjectConfigurationPlatforms) = postSolution
		{B3C62884-769F-4B98-BC0B-6C782C6D9E58}.Debug|Any CPU.ActiveCfg = Debug|Any CPU
		{B3C62884-769F-4B98-BC0B-6C782C6D9E58}.Debug|Any CPU.Build.0 = Debug|Any CPU
		{B3C62884-769F-4B98-BC0B-6C782C6D9E58}.Release|Any CPU.ActiveCfg = Release|Any CPU
		{B3C62884-769F-4B98-BC0B-6C782C6D9E58}.Release|Any CPU.Build.0 = Release|Any CPU
		{AEC370CC-F579-4D00-874A-13BA87F7967E}.Debug|Any CPU.ActiveCfg = Debug|Any CPU
		{AEC370CC-F579-4D00-874A-13BA87F7967E}.Debug|Any CPU.Build.0 = Debug|Any CPU
		{AEC370CC-F579-4D00-874A-13BA87F7967E}.Release|Any CPU.ActiveCfg = Release|Any CPU
		{AEC370CC-F579-4D00-874A-13BA87F7967E}.Release|Any CPU.Build.0 = Release|Any CPU
		{8EA152DE-BB90-480F-A85A-D4B3E621A99E}.Debug|Any CPU.ActiveCfg = Debug|Any CPU
		{8EA152DE-BB90-480F-A85A-D4B3E621A99E}.Debug|Any CPU.Build.0 = Debug|Any CPU
		{8EA152DE-BB90-480F-A85A-D4B3E621A99E}.Release|Any CPU.ActiveCfg = Release|Any CPU
		{8EA152DE-BB90-480F-A85A-D4B3E621A99E}.Release|Any CPU.Build.0 = Release|Any CPU
		{C125B19C-0680-4DB1-A60C-2336D9A31944}.Debug|Any CPU.ActiveCfg = Debug|Any CPU
		{C125B19C-0680-4DB1-A60C-2336D9A31944}.Debug|Any CPU.Build.0 = Debug|Any CPU
		{C125B19C-0680-4DB1-A60C-2336D9A31944}.Release|Any CPU.ActiveCfg = Release|Any CPU
		{C125B19C-0680-4DB1-A60C-2336D9A31944}.Release|Any CPU.Build.0 = Release|Any CPU
	EndGlobalSection
	GlobalSection(SolutionProperties) = preSolution
		HideSolutionNode = FALSE
	EndGlobalSection
EndGlobal
